
Microsoft Visual Studio Solution File, Format Version 12.00
# Visual Studio Version 17
VisualStudioVersion = 17.4.33205.214
MinimumVisualStudioVersion = 10.0.40219.1
Project("{9A19103F-16F7-4668-BE54-9A1E7A4F7556}") = "PlayerLocator", "PlayerLocator\PlayerLocator.csproj", "{8D441A4E-FDD3-418D-B097-3458D22FA84A}"
EndProject
Global
	GlobalSection(SolutionConfigurationPlatforms) = preSolution
		Debug|Any CPU = Debug|Any CPU
		Release|Any CPU = Release|Any CPU
	EndGlobalSection
	GlobalSection(ProjectConfigurationPlatforms) = postSolution
		{8D441A4E-FDD3-418D-B097-3458D22FA84A}.Debug|Any CPU.ActiveCfg = Debug|Any CPU
		{8D441A4E-FDD3-418D-B097-3458D22FA84A}.Debug|Any CPU.Build.0 = Debug|Any CPU
		{8D441A4E-FDD3-418D-B097-3458D22FA84A}.Release|Any CPU.ActiveCfg = Release|Any CPU
		{8D441A4E-FDD3-418D-B097-3458D22FA84A}.Release|Any CPU.Build.0 = Release|Any CPU
	EndGlobalSection
	GlobalSection(SolutionProperties) = preSolution
		HideSolutionNode = FALSE
	EndGlobalSection
	GlobalSection(ExtensibilityGlobals) = postSolution
		SolutionGuid = {EFD914C9-61B0-4670-8E5D-CF96A47E4994}
	EndGlobalSection
EndGlobal
